
Microsoft Visual Studio Solution File, Format Version 12.00
# Visual Studio Version 17
VisualStudioVersion = 17.14.36127.28 d17.14
MinimumVisualStudioVersion = 10.0.40219.1
Project("{FAE04EC0-301F-11D3-BF4B-00C04F79EFBC}") = "behlul", "behlul.csproj", "{C17A22E4-0BAF-4967-A155-FD45B07A60AE}"
EndProject
Global
	GlobalSection(SolutionConfigurationPlatforms) = preSolution
		Debug|Any CPU = Debug|Any CPU
		Release|Any CPU = Release|Any CPU
	EndGlobalSection
	GlobalSection(ProjectConfigurationPlatforms) = postSolution
		{C17A22E4-0BAF-4967-A155-FD45B07A60AE}.Debug|Any CPU.ActiveCfg = Debug|Any CPU
		{C17A22E4-0BAF-4967-A155-FD45B07A60AE}.Debug|Any CPU.Build.0 = Debug|Any CPU
		{C17A22E4-0BAF-4967-A155-FD45B07A60AE}.Release|Any CPU.ActiveCfg = Release|Any CPU
		{C17A22E4-0BAF-4967-A155-FD45B07A60AE}.Release|Any CPU.Build.0 = Release|Any CPU
	EndGlobalSection
	GlobalSection(SolutionProperties) = preSolution
		HideSolutionNode = FALSE
	EndGlobalSection
	GlobalSection(ExtensibilityGlobals) = postSolution
		SolutionGuid = {DE15B30F-E596-4452-8A1E-882966202A7E}
	EndGlobalSection
EndGlobal
